
Microsoft Visual Studio Solution File, Format Version 12.00
# Visual Studio Version 17
VisualStudioVersion = 17.4.33213.308
MinimumVisualStudioVersion = 10.0.40219.1
Project("{2150E333-8FDC-42A3-9474-1A3956D46DE8}") = "Kernel", "Kernel", "{6E211868-6A71-4021-B316-C76B8D1DBB7D}"
EndProject
Project("{2150E333-8FDC-42A3-9474-1A3956D46DE8}") = "Hardware", "Hardware", "{8B3B326C-5EE1-468E-8203-64B35AF6AE4D}"
EndProject
Project("{2150E333-8FDC-42A3-9474-1A3956D46DE8}") = "Accounting", "Accounting", "{659E7EED-8DCB-49B9-A7F1-56B00F9089A0}"
EndProject
Project("{2150E333-8FDC-42A3-9474-1A3956D46DE8}") = "Application", "Application", "{B1D5757F-852B-4C6D-AA84-5E5D592D7677}"
EndProject
Project("{9A19103F-16F7-4668-BE54-9A1E7A4F7556}") = "Bootstrap", "Kernel\Bootstrap\Bootstrap\Bootstrap.csproj", "{1339E8C7-0504-4E75-804C-3D6E60CB126A}"
EndProject
Project("{2150E333-8FDC-42A3-9474-1A3956D46DE8}") = "Gaming", "Gaming", "{7FDC33CF-35D7-4C55-AFF8-8CFB1D5793FA}"
EndProject
Project("{9A19103F-16F7-4668-BE54-9A1E7A4F7556}") = "Aristocrat.Monaco.Gaming.Contracts", "Gaming\Aristocrat.Monaco.Gaming.Contracts\Aristocrat.Monaco.Gaming.Contracts.csproj", "{F2EB3F50-66F3-4116-B001-DAE27A974FB3}"
EndProject
Project("{9A19103F-16F7-4668-BE54-9A1E7A4F7556}") = "Aristocrat.Monaco.Gaming", "Gaming\Aristocrat.Monaco.Gaming\Aristocrat.Monaco.Gaming.csproj", "{01840324-5193-488B-BF44-277BAF93AC2F}"
EndProject
Project("{9A19103F-16F7-4668-BE54-9A1E7A4F7556}") = "Aristocrat.Monaco.Gaming.VideoLottery", "Gaming\Aristocrat.Monaco.Gaming.VideoLottery\Aristocrat.Monaco.Gaming.VideoLottery.csproj", "{7D8CF86D-488F-492F-ACC9-BD441225C158}"
EndProject
Project("{9A19103F-16F7-4668-BE54-9A1E7A4F7556}") = "Aristocrat.Monaco.PackageManifest", "Shared\Aristocrat.Monaco.PackageManifest\Aristocrat.Monaco.PackageManifest.csproj", "{4523A9AE-17A4-473A-AFC9-1B6F38DB99D9}"
EndProject
Project("{9A19103F-16F7-4668-BE54-9A1E7A4F7556}") = "Monaco.Accounting", "Accounting\Monaco.Accounting\Monaco.Accounting.csproj", "{8DED4684-5829-46CD-A79C-220BAD28E34D}"
EndProject
Project("{9A19103F-16F7-4668-BE54-9A1E7A4F7556}") = "Monaco.Accounting.Contracts", "Accounting\Monaco.Accounting.Contracts\Monaco.Accounting.Contracts.csproj", "{048D3585-4017-4E98-BCB8-BA5E5EA50522}"
EndProject
Project("{9A19103F-16F7-4668-BE54-9A1E7A4F7556}") = "Aristocrat.Monaco.Kernel.Contracts", "Kernel\Aristocrat.Monaco.Kernel.Contracts\Aristocrat.Monaco.Kernel.Contracts.csproj", "{0874395A-B835-4709-86A7-306F9356EB6C}"
EndProject
Project("{9A19103F-16F7-4668-BE54-9A1E7A4F7556}") = "Aristocrat.Monaco.Hardware.Contracts", "Hardware\Aristocrat.Monaco.Hardware.Contracts\Aristocrat.Monaco.Hardware.Contracts.csproj", "{E470E86F-C9A5-4E8E-814D-015C4A3C7F94}"
EndProject
Project("{9A19103F-16F7-4668-BE54-9A1E7A4F7556}") = "Aristocrat.Monaco.Application", "Application\Aristocrat.Monaco.Application\Aristocrat.Monaco.Application.csproj", "{A2038B88-470A-424A-BAAB-5718FDC1218C}"
EndProject
Project("{2150E333-8FDC-42A3-9474-1A3956D46DE8}") = "Devices", "Devices", "{E5EFE08F-33C0-4930-9E02-3C9EB3EC9B88}"
EndProject
Project("{9A19103F-16F7-4668-BE54-9A1E7A4F7556}") = "Aristocrat.Monaco.Hardware", "Hardware\Aristocrat.Monaco.Hardware\Aristocrat.Monaco.Hardware.csproj", "{F068FC06-7A4F-40ED-BEEC-93A4EEEF6C5D}"
EndProject
Project("{9A19103F-16F7-4668-BE54-9A1E7A4F7556}") = "Aristocrat.Monaco.Kernel", "Kernel\Aristocrat.Monaco.Kernel\Aristocrat.Monaco.Kernel.csproj", "{721A8A28-A6EB-402E-AC48-F8A595E9CA69}"
EndProject
Project("{9A19103F-16F7-4668-BE54-9A1E7A4F7556}") = "Aristocrat.Monaco.Common", "Shared\Aristocrat.Monaco.Common\Aristocrat.Monaco.Common.csproj", "{4B09049E-2A49-42E4-81CA-F090A76E2EF3}"
EndProject
Project("{2150E333-8FDC-42A3-9474-1A3956D46DE8}") = "Infrastructure", "Infrastructure", "{964DD123-9BDA-4FF1-8C46-623264AD274E}"
EndProject
Project("{9A19103F-16F7-4668-BE54-9A1E7A4F7556}") = "DebugCurrencyHandler", "Test\integration\DebugCurrencyHandler\DebugCurrencyHandler\DebugCurrencyHandler.csproj", "{CCA190F1-D08B-4481-B7E2-4ADB6F7DE86E}"
EndProject
Project("{2150E333-8FDC-42A3-9474-1A3956D46DE8}") = "Test", "Test", "{CD21F4D7-E6D5-462F-9F9F-22FE9618496C}"
EndProject
Project("{2150E333-8FDC-42A3-9474-1A3956D46DE8}") = "Integration", "Integration", "{EDAB4379-ED8A-4032-9EC0-7B80EBA9EC16}"
EndProject
Project("{9A19103F-16F7-4668-BE54-9A1E7A4F7556}") = "Aristocrat.Monaco.Application.Contracts", "Application\Monaco.Application.Contracts\Aristocrat.Monaco.Application.Contracts.csproj", "{12B1ABFA-FF0A-4145-B348-C09FD24AD61F}"
EndProject
Project("{9A19103F-16F7-4668-BE54-9A1E7A4F7556}") = "RenderPDL", "Hardware\TicketContent\RenderPDL\RenderPDL\RenderPDL.csproj", "{96741938-506F-4631-A481-C04896EF0D14}"
EndProject
Project("{9A19103F-16F7-4668-BE54-9A1E7A4F7556}") = "Aristocrat.Monaco.Hardware.Gds", "Hardware\Aristocrat.Monaco.Hardware.Gds\Aristocrat.Monaco.Hardware.Gds.csproj", "{54443300-2BB5-4050-BEEC-EDBF8A8F22A4}"
EndProject
Project("{9A19103F-16F7-4668-BE54-9A1E7A4F7556}") = "Aristocrat.Monaco.Hardware.Virtual", "Hardware\Aristocrat.Monaco.Hardware.Virtual\Aristocrat.Monaco.Hardware.Virtual.csproj", "{A5264F94-314A-4338-9C2B-8A7CA41A62A9}"
EndProject
Project("{9A19103F-16F7-4668-BE54-9A1E7A4F7556}") = "Aristocrat.Monaco.Hardware.Fake", "Hardware\Aristocrat.Monaco.Hardware.Fake\Aristocrat.Monaco.Hardware.Fake.csproj", "{D2681026-BBA8-4285-82BC-A894E3795E9E}"
EndProject
Project("{9A19103F-16F7-4668-BE54-9A1E7A4F7556}") = "Aristocrat.Monaco.Gaming.Class3", "Gaming\Aristocrat.Monaco.Gaming.Class3\Aristocrat.Monaco.Gaming.Class3.csproj", "{E2BE6644-06C3-4774-8716-BD97C24CFA9C}"
EndProject
Project("{9A19103F-16F7-4668-BE54-9A1E7A4F7556}") = "Aristocrat.Monaco.Hardware.Serial", "Hardware\Aristocrat.Monaco.Hardware.Serial\Aristocrat.Monaco.Hardware.Serial.csproj", "{12681026-BBA8-4285-82BC-A894E3795E9E}"
EndProject
Project("{9A19103F-16F7-4668-BE54-9A1E7A4F7556}") = "Aristocrat.Monaco.Localization", "Shared\Aristocrat.Monaco.Localization\Aristocrat.Monaco.Localization.csproj", "{599583D3-518A-400E-86AC-BB7FEB9CCA92}"
EndProject
Project("{2150E333-8FDC-42A3-9474-1A3956D46DE8}") = "Solution Items", "Solution Items", "{7A67A3B2-9AE0-4B51-AF0E-1B525A0A34AB}"
	ProjectSection(SolutionItems) = preProject
		Resources.Designer.t4 = Resources.Designer.t4
	EndProjectSection
EndProject
Project("{9A19103F-16F7-4668-BE54-9A1E7A4F7556}") = "Aristocrat.Monaco.Gaming.Class2", "Gaming\Aristocrat.Monaco.Gaming.Class2\Aristocrat.Monaco.Gaming.Class2.csproj", "{5DBB1298-16BD-4804-8BD5-2D3C3BB24A75}"
EndProject
Project("{9A19103F-16F7-4668-BE54-9A1E7A4F7556}") = "Aristocrat.Monaco.JurisdictionData", "Jurisdiction\Aristocrat.Monaco.JurisdictionData.csproj", "{9639B220-D2D0-4925-A459-1632E6AD0028}"
EndProject
Project("{9A19103F-16F7-4668-BE54-9A1E7A4F7556}") = "Stubs", "Stubs\Stubs.csproj", "{AB3ABB3B-6F39-4907-B2D5-C4D7A1004A29}"
EndProject
Global
	GlobalSection(SolutionConfigurationPlatforms) = preSolution
		Debug|Any CPU = Debug|Any CPU
		Debug|x64 = Debug|x64
		Debug|x86 = Debug|x86
		Release|Any CPU = Release|Any CPU
		Release|x64 = Release|x64
		Release|x86 = Release|x86
		Retail|Any CPU = Retail|Any CPU
		Retail|x64 = Retail|x64
		Retail|x86 = Retail|x86
	EndGlobalSection
	GlobalSection(ProjectConfigurationPlatforms) = postSolution
		{1339E8C7-0504-4E75-804C-3D6E60CB126A}.Debug|Any CPU.ActiveCfg = Debug|Any CPU
		{1339E8C7-0504-4E75-804C-3D6E60CB126A}.Debug|Any CPU.Build.0 = Debug|Any CPU
		{1339E8C7-0504-4E75-804C-3D6E60CB126A}.Debug|x64.ActiveCfg = Debug|Any CPU
		{1339E8C7-0504-4E75-804C-3D6E60CB126A}.Debug|x64.Build.0 = Debug|Any CPU
		{1339E8C7-0504-4E75-804C-3D6E60CB126A}.Debug|x86.ActiveCfg = Debug|Any CPU
		{1339E8C7-0504-4E75-804C-3D6E60CB126A}.Debug|x86.Build.0 = Debug|Any CPU
		{1339E8C7-0504-4E75-804C-3D6E60CB126A}.Release|Any CPU.ActiveCfg = Release|Any CPU
		{1339E8C7-0504-4E75-804C-3D6E60CB126A}.Release|Any CPU.Build.0 = Release|Any CPU
		{1339E8C7-0504-4E75-804C-3D6E60CB126A}.Release|x64.ActiveCfg = Release|Any CPU
		{1339E8C7-0504-4E75-804C-3D6E60CB126A}.Release|x64.Build.0 = Release|Any CPU
		{1339E8C7-0504-4E75-804C-3D6E60CB126A}.Release|x86.ActiveCfg = Release|Any CPU
		{1339E8C7-0504-4E75-804C-3D6E60CB126A}.Release|x86.Build.0 = Release|Any CPU
		{1339E8C7-0504-4E75-804C-3D6E60CB126A}.Retail|Any CPU.ActiveCfg = Retail|Any CPU
		{1339E8C7-0504-4E75-804C-3D6E60CB126A}.Retail|Any CPU.Build.0 = Retail|Any CPU
		{1339E8C7-0504-4E75-804C-3D6E60CB126A}.Retail|x64.ActiveCfg = Retail|Any CPU
		{1339E8C7-0504-4E75-804C-3D6E60CB126A}.Retail|x64.Build.0 = Retail|Any CPU
		{1339E8C7-0504-4E75-804C-3D6E60CB126A}.Retail|x86.ActiveCfg = Retail|Any CPU
		{1339E8C7-0504-4E75-804C-3D6E60CB126A}.Retail|x86.Build.0 = Retail|Any CPU
		{F2EB3F50-66F3-4116-B001-DAE27A974FB3}.Debug|Any CPU.ActiveCfg = Debug|Any CPU
		{F2EB3F50-66F3-4116-B001-DAE27A974FB3}.Debug|Any CPU.Build.0 = Debug|Any CPU
		{F2EB3F50-66F3-4116-B001-DAE27A974FB3}.Debug|x64.ActiveCfg = Debug|Any CPU
		{F2EB3F50-66F3-4116-B001-DAE27A974FB3}.Debug|x64.Build.0 = Debug|Any CPU
		{F2EB3F50-66F3-4116-B001-DAE27A974FB3}.Debug|x86.ActiveCfg = Debug|Any CPU
		{F2EB3F50-66F3-4116-B001-DAE27A974FB3}.Debug|x86.Build.0 = Debug|Any CPU
		{F2EB3F50-66F3-4116-B001-DAE27A974FB3}.Release|Any CPU.ActiveCfg = Release|Any CPU
		{F2EB3F50-66F3-4116-B001-DAE27A974FB3}.Release|Any CPU.Build.0 = Release|Any CPU
		{F2EB3F50-66F3-4116-B001-DAE27A974FB3}.Release|x64.ActiveCfg = Release|Any CPU
		{F2EB3F50-66F3-4116-B001-DAE27A974FB3}.Release|x64.Build.0 = Release|Any CPU
		{F2EB3F50-66F3-4116-B001-DAE27A974FB3}.Release|x86.ActiveCfg = Release|Any CPU
		{F2EB3F50-66F3-4116-B001-DAE27A974FB3}.Release|x86.Build.0 = Release|Any CPU
		{F2EB3F50-66F3-4116-B001-DAE27A974FB3}.Retail|Any CPU.ActiveCfg = Retail|Any CPU
		{F2EB3F50-66F3-4116-B001-DAE27A974FB3}.Retail|Any CPU.Build.0 = Retail|Any CPU
		{F2EB3F50-66F3-4116-B001-DAE27A974FB3}.Retail|x64.ActiveCfg = Retail|Any CPU
		{F2EB3F50-66F3-4116-B001-DAE27A974FB3}.Retail|x64.Build.0 = Retail|Any CPU
		{F2EB3F50-66F3-4116-B001-DAE27A974FB3}.Retail|x86.ActiveCfg = Retail|Any CPU
		{F2EB3F50-66F3-4116-B001-DAE27A974FB3}.Retail|x86.Build.0 = Retail|Any CPU
		{01840324-5193-488B-BF44-277BAF93AC2F}.Debug|Any CPU.ActiveCfg = Debug|Any CPU
		{01840324-5193-488B-BF44-277BAF93AC2F}.Debug|Any CPU.Build.0 = Debug|Any CPU
		{01840324-5193-488B-BF44-277BAF93AC2F}.Debug|x64.ActiveCfg = Debug|Any CPU
		{01840324-5193-488B-BF44-277BAF93AC2F}.Debug|x64.Build.0 = Debug|Any CPU
		{01840324-5193-488B-BF44-277BAF93AC2F}.Debug|x86.ActiveCfg = Debug|Any CPU
		{01840324-5193-488B-BF44-277BAF93AC2F}.Debug|x86.Build.0 = Debug|Any CPU
		{01840324-5193-488B-BF44-277BAF93AC2F}.Release|Any CPU.ActiveCfg = Release|Any CPU
		{01840324-5193-488B-BF44-277BAF93AC2F}.Release|Any CPU.Build.0 = Release|Any CPU
		{01840324-5193-488B-BF44-277BAF93AC2F}.Release|x64.ActiveCfg = Release|Any CPU
		{01840324-5193-488B-BF44-277BAF93AC2F}.Release|x64.Build.0 = Release|Any CPU
		{01840324-5193-488B-BF44-277BAF93AC2F}.Release|x86.ActiveCfg = Release|Any CPU
		{01840324-5193-488B-BF44-277BAF93AC2F}.Release|x86.Build.0 = Release|Any CPU
		{01840324-5193-488B-BF44-277BAF93AC2F}.Retail|Any CPU.ActiveCfg = Retail|Any CPU
		{01840324-5193-488B-BF44-277BAF93AC2F}.Retail|Any CPU.Build.0 = Retail|Any CPU
		{01840324-5193-488B-BF44-277BAF93AC2F}.Retail|x64.ActiveCfg = Retail|Any CPU
		{01840324-5193-488B-BF44-277BAF93AC2F}.Retail|x64.Build.0 = Retail|Any CPU
		{01840324-5193-488B-BF44-277BAF93AC2F}.Retail|x86.ActiveCfg = Retail|Any CPU
		{01840324-5193-488B-BF44-277BAF93AC2F}.Retail|x86.Build.0 = Retail|Any CPU
		{7D8CF86D-488F-492F-ACC9-BD441225C158}.Debug|Any CPU.ActiveCfg = Debug|Any CPU
		{7D8CF86D-488F-492F-ACC9-BD441225C158}.Debug|Any CPU.Build.0 = Debug|Any CPU
		{7D8CF86D-488F-492F-ACC9-BD441225C158}.Debug|x64.ActiveCfg = Debug|Any CPU
		{7D8CF86D-488F-492F-ACC9-BD441225C158}.Debug|x64.Build.0 = Debug|Any CPU
		{7D8CF86D-488F-492F-ACC9-BD441225C158}.Debug|x86.ActiveCfg = Debug|Any CPU
		{7D8CF86D-488F-492F-ACC9-BD441225C158}.Debug|x86.Build.0 = Debug|Any CPU
		{7D8CF86D-488F-492F-ACC9-BD441225C158}.Release|Any CPU.ActiveCfg = Release|Any CPU
		{7D8CF86D-488F-492F-ACC9-BD441225C158}.Release|Any CPU.Build.0 = Release|Any CPU
		{7D8CF86D-488F-492F-ACC9-BD441225C158}.Release|x64.ActiveCfg = Release|Any CPU
		{7D8CF86D-488F-492F-ACC9-BD441225C158}.Release|x64.Build.0 = Release|Any CPU
		{7D8CF86D-488F-492F-ACC9-BD441225C158}.Release|x86.ActiveCfg = Release|Any CPU
		{7D8CF86D-488F-492F-ACC9-BD441225C158}.Release|x86.Build.0 = Release|Any CPU
		{7D8CF86D-488F-492F-ACC9-BD441225C158}.Retail|Any CPU.ActiveCfg = Retail|Any CPU
		{7D8CF86D-488F-492F-ACC9-BD441225C158}.Retail|Any CPU.Build.0 = Retail|Any CPU
		{7D8CF86D-488F-492F-ACC9-BD441225C158}.Retail|x64.ActiveCfg = Retail|Any CPU
		{7D8CF86D-488F-492F-ACC9-BD441225C158}.Retail|x64.Build.0 = Retail|Any CPU
		{7D8CF86D-488F-492F-ACC9-BD441225C158}.Retail|x86.ActiveCfg = Retail|Any CPU
		{7D8CF86D-488F-492F-ACC9-BD441225C158}.Retail|x86.Build.0 = Retail|Any CPU
		{4523A9AE-17A4-473A-AFC9-1B6F38DB99D9}.Debug|Any CPU.ActiveCfg = Debug|Any CPU
		{4523A9AE-17A4-473A-AFC9-1B6F38DB99D9}.Debug|Any CPU.Build.0 = Debug|Any CPU
		{4523A9AE-17A4-473A-AFC9-1B6F38DB99D9}.Debug|x64.ActiveCfg = Debug|Any CPU
		{4523A9AE-17A4-473A-AFC9-1B6F38DB99D9}.Debug|x64.Build.0 = Debug|Any CPU
		{4523A9AE-17A4-473A-AFC9-1B6F38DB99D9}.Debug|x86.ActiveCfg = Debug|Any CPU
		{4523A9AE-17A4-473A-AFC9-1B6F38DB99D9}.Debug|x86.Build.0 = Debug|Any CPU
		{4523A9AE-17A4-473A-AFC9-1B6F38DB99D9}.Release|Any CPU.ActiveCfg = Release|Any CPU
		{4523A9AE-17A4-473A-AFC9-1B6F38DB99D9}.Release|Any CPU.Build.0 = Release|Any CPU
		{4523A9AE-17A4-473A-AFC9-1B6F38DB99D9}.Release|x64.ActiveCfg = Release|Any CPU
		{4523A9AE-17A4-473A-AFC9-1B6F38DB99D9}.Release|x64.Build.0 = Release|Any CPU
		{4523A9AE-17A4-473A-AFC9-1B6F38DB99D9}.Release|x86.ActiveCfg = Release|Any CPU
		{4523A9AE-17A4-473A-AFC9-1B6F38DB99D9}.Release|x86.Build.0 = Release|Any CPU
		{4523A9AE-17A4-473A-AFC9-1B6F38DB99D9}.Retail|Any CPU.ActiveCfg = Retail|Any CPU
		{4523A9AE-17A4-473A-AFC9-1B6F38DB99D9}.Retail|Any CPU.Build.0 = Retail|Any CPU
		{4523A9AE-17A4-473A-AFC9-1B6F38DB99D9}.Retail|x64.ActiveCfg = Retail|Any CPU
		{4523A9AE-17A4-473A-AFC9-1B6F38DB99D9}.Retail|x64.Build.0 = Retail|Any CPU
		{4523A9AE-17A4-473A-AFC9-1B6F38DB99D9}.Retail|x86.ActiveCfg = Retail|Any CPU
		{4523A9AE-17A4-473A-AFC9-1B6F38DB99D9}.Retail|x86.Build.0 = Retail|Any CPU
		{8DED4684-5829-46CD-A79C-220BAD28E34D}.Debug|Any CPU.ActiveCfg = Debug|Any CPU
		{8DED4684-5829-46CD-A79C-220BAD28E34D}.Debug|Any CPU.Build.0 = Debug|Any CPU
		{8DED4684-5829-46CD-A79C-220BAD28E34D}.Debug|x64.ActiveCfg = Debug|Any CPU
		{8DED4684-5829-46CD-A79C-220BAD28E34D}.Debug|x64.Build.0 = Debug|Any CPU
		{8DED4684-5829-46CD-A79C-220BAD28E34D}.Debug|x86.ActiveCfg = Debug|Any CPU
		{8DED4684-5829-46CD-A79C-220BAD28E34D}.Debug|x86.Build.0 = Debug|Any CPU
		{8DED4684-5829-46CD-A79C-220BAD28E34D}.Release|Any CPU.ActiveCfg = Release|Any CPU
		{8DED4684-5829-46CD-A79C-220BAD28E34D}.Release|Any CPU.Build.0 = Release|Any CPU
		{8DED4684-5829-46CD-A79C-220BAD28E34D}.Release|x64.ActiveCfg = Release|Any CPU
		{8DED4684-5829-46CD-A79C-220BAD28E34D}.Release|x64.Build.0 = Release|Any CPU
		{8DED4684-5829-46CD-A79C-220BAD28E34D}.Release|x86.ActiveCfg = Release|Any CPU
		{8DED4684-5829-46CD-A79C-220BAD28E34D}.Release|x86.Build.0 = Release|Any CPU
		{8DED4684-5829-46CD-A79C-220BAD28E34D}.Retail|Any CPU.ActiveCfg = Retail|Any CPU
		{8DED4684-5829-46CD-A79C-220BAD28E34D}.Retail|Any CPU.Build.0 = Retail|Any CPU
		{8DED4684-5829-46CD-A79C-220BAD28E34D}.Retail|x64.ActiveCfg = Retail|Any CPU
		{8DED4684-5829-46CD-A79C-220BAD28E34D}.Retail|x64.Build.0 = Retail|Any CPU
		{8DED4684-5829-46CD-A79C-220BAD28E34D}.Retail|x86.ActiveCfg = Retail|Any CPU
		{8DED4684-5829-46CD-A79C-220BAD28E34D}.Retail|x86.Build.0 = Retail|Any CPU
		{048D3585-4017-4E98-BCB8-BA5E5EA50522}.Debug|Any CPU.ActiveCfg = Debug|Any CPU
		{048D3585-4017-4E98-BCB8-BA5E5EA50522}.Debug|Any CPU.Build.0 = Debug|Any CPU
		{048D3585-4017-4E98-BCB8-BA5E5EA50522}.Debug|x64.ActiveCfg = Debug|Any CPU
		{048D3585-4017-4E98-BCB8-BA5E5EA50522}.Debug|x64.Build.0 = Debug|Any CPU
		{048D3585-4017-4E98-BCB8-BA5E5EA50522}.Debug|x86.ActiveCfg = Debug|Any CPU
		{048D3585-4017-4E98-BCB8-BA5E5EA50522}.Debug|x86.Build.0 = Debug|Any CPU
		{048D3585-4017-4E98-BCB8-BA5E5EA50522}.Release|Any CPU.ActiveCfg = Release|Any CPU
		{048D3585-4017-4E98-BCB8-BA5E5EA50522}.Release|Any CPU.Build.0 = Release|Any CPU
		{048D3585-4017-4E98-BCB8-BA5E5EA50522}.Release|x64.ActiveCfg = Release|Any CPU
		{048D3585-4017-4E98-BCB8-BA5E5EA50522}.Release|x64.Build.0 = Release|Any CPU
		{048D3585-4017-4E98-BCB8-BA5E5EA50522}.Release|x86.ActiveCfg = Release|Any CPU
		{048D3585-4017-4E98-BCB8-BA5E5EA50522}.Release|x86.Build.0 = Release|Any CPU
		{048D3585-4017-4E98-BCB8-BA5E5EA50522}.Retail|Any CPU.ActiveCfg = Retail|Any CPU
		{048D3585-4017-4E98-BCB8-BA5E5EA50522}.Retail|Any CPU.Build.0 = Retail|Any CPU
		{048D3585-4017-4E98-BCB8-BA5E5EA50522}.Retail|x64.ActiveCfg = Retail|Any CPU
		{048D3585-4017-4E98-BCB8-BA5E5EA50522}.Retail|x64.Build.0 = Retail|Any CPU
		{048D3585-4017-4E98-BCB8-BA5E5EA50522}.Retail|x86.ActiveCfg = Retail|Any CPU
		{048D3585-4017-4E98-BCB8-BA5E5EA50522}.Retail|x86.Build.0 = Retail|Any CPU
		{0874395A-B835-4709-86A7-306F9356EB6C}.Debug|Any CPU.ActiveCfg = Debug|Any CPU
		{0874395A-B835-4709-86A7-306F9356EB6C}.Debug|Any CPU.Build.0 = Debug|Any CPU
		{0874395A-B835-4709-86A7-306F9356EB6C}.Debug|x64.ActiveCfg = Debug|Any CPU
		{0874395A-B835-4709-86A7-306F9356EB6C}.Debug|x64.Build.0 = Debug|Any CPU
		{0874395A-B835-4709-86A7-306F9356EB6C}.Debug|x86.ActiveCfg = Debug|Any CPU
		{0874395A-B835-4709-86A7-306F9356EB6C}.Debug|x86.Build.0 = Debug|Any CPU
		{0874395A-B835-4709-86A7-306F9356EB6C}.Release|Any CPU.ActiveCfg = Release|Any CPU
		{0874395A-B835-4709-86A7-306F9356EB6C}.Release|Any CPU.Build.0 = Release|Any CPU
		{0874395A-B835-4709-86A7-306F9356EB6C}.Release|x64.ActiveCfg = Release|Any CPU
		{0874395A-B835-4709-86A7-306F9356EB6C}.Release|x64.Build.0 = Release|Any CPU
		{0874395A-B835-4709-86A7-306F9356EB6C}.Release|x86.ActiveCfg = Release|Any CPU
		{0874395A-B835-4709-86A7-306F9356EB6C}.Release|x86.Build.0 = Release|Any CPU
		{0874395A-B835-4709-86A7-306F9356EB6C}.Retail|Any CPU.ActiveCfg = Retail|Any CPU
		{0874395A-B835-4709-86A7-306F9356EB6C}.Retail|Any CPU.Build.0 = Retail|Any CPU
		{0874395A-B835-4709-86A7-306F9356EB6C}.Retail|x64.ActiveCfg = Retail|Any CPU
		{0874395A-B835-4709-86A7-306F9356EB6C}.Retail|x64.Build.0 = Retail|Any CPU
		{0874395A-B835-4709-86A7-306F9356EB6C}.Retail|x86.ActiveCfg = Retail|Any CPU
		{0874395A-B835-4709-86A7-306F9356EB6C}.Retail|x86.Build.0 = Retail|Any CPU
		{E470E86F-C9A5-4E8E-814D-015C4A3C7F94}.Debug|Any CPU.ActiveCfg = Debug|Any CPU
		{E470E86F-C9A5-4E8E-814D-015C4A3C7F94}.Debug|Any CPU.Build.0 = Debug|Any CPU
		{E470E86F-C9A5-4E8E-814D-015C4A3C7F94}.Debug|x64.ActiveCfg = Debug|Any CPU
		{E470E86F-C9A5-4E8E-814D-015C4A3C7F94}.Debug|x64.Build.0 = Debug|Any CPU
		{E470E86F-C9A5-4E8E-814D-015C4A3C7F94}.Debug|x86.ActiveCfg = Debug|Any CPU
		{E470E86F-C9A5-4E8E-814D-015C4A3C7F94}.Debug|x86.Build.0 = Debug|Any CPU
		{E470E86F-C9A5-4E8E-814D-015C4A3C7F94}.Release|Any CPU.ActiveCfg = Release|Any CPU
		{E470E86F-C9A5-4E8E-814D-015C4A3C7F94}.Release|Any CPU.Build.0 = Release|Any CPU
		{E470E86F-C9A5-4E8E-814D-015C4A3C7F94}.Release|x64.ActiveCfg = Release|Any CPU
		{E470E86F-C9A5-4E8E-814D-015C4A3C7F94}.Release|x64.Build.0 = Release|Any CPU
		{E470E86F-C9A5-4E8E-814D-015C4A3C7F94}.Release|x86.ActiveCfg = Release|Any CPU
		{E470E86F-C9A5-4E8E-814D-015C4A3C7F94}.Release|x86.Build.0 = Release|Any CPU
		{E470E86F-C9A5-4E8E-814D-015C4A3C7F94}.Retail|Any CPU.ActiveCfg = Retail|Any CPU
		{E470E86F-C9A5-4E8E-814D-015C4A3C7F94}.Retail|Any CPU.Build.0 = Retail|Any CPU
		{E470E86F-C9A5-4E8E-814D-015C4A3C7F94}.Retail|x64.ActiveCfg = Retail|Any CPU
		{E470E86F-C9A5-4E8E-814D-015C4A3C7F94}.Retail|x64.Build.0 = Retail|Any CPU
		{E470E86F-C9A5-4E8E-814D-015C4A3C7F94}.Retail|x86.ActiveCfg = Retail|Any CPU
		{E470E86F-C9A5-4E8E-814D-015C4A3C7F94}.Retail|x86.Build.0 = Retail|Any CPU
		{A2038B88-470A-424A-BAAB-5718FDC1218C}.Debug|Any CPU.ActiveCfg = Debug|Any CPU
		{A2038B88-470A-424A-BAAB-5718FDC1218C}.Debug|Any CPU.Build.0 = Debug|Any CPU
		{A2038B88-470A-424A-BAAB-5718FDC1218C}.Debug|x64.ActiveCfg = Debug|Any CPU
		{A2038B88-470A-424A-BAAB-5718FDC1218C}.Debug|x64.Build.0 = Debug|Any CPU
		{A2038B88-470A-424A-BAAB-5718FDC1218C}.Debug|x86.ActiveCfg = Debug|Any CPU
		{A2038B88-470A-424A-BAAB-5718FDC1218C}.Debug|x86.Build.0 = Debug|Any CPU
		{A2038B88-470A-424A-BAAB-5718FDC1218C}.Release|Any CPU.ActiveCfg = Release|Any CPU
		{A2038B88-470A-424A-BAAB-5718FDC1218C}.Release|Any CPU.Build.0 = Release|Any CPU
		{A2038B88-470A-424A-BAAB-5718FDC1218C}.Release|x64.ActiveCfg = Release|Any CPU
		{A2038B88-470A-424A-BAAB-5718FDC1218C}.Release|x64.Build.0 = Release|Any CPU
		{A2038B88-470A-424A-BAAB-5718FDC1218C}.Release|x86.ActiveCfg = Release|Any CPU
		{A2038B88-470A-424A-BAAB-5718FDC1218C}.Release|x86.Build.0 = Release|Any CPU
		{A2038B88-470A-424A-BAAB-5718FDC1218C}.Retail|Any CPU.ActiveCfg = Retail|Any CPU
		{A2038B88-470A-424A-BAAB-5718FDC1218C}.Retail|Any CPU.Build.0 = Retail|Any CPU
		{A2038B88-470A-424A-BAAB-5718FDC1218C}.Retail|x64.ActiveCfg = Retail|Any CPU
		{A2038B88-470A-424A-BAAB-5718FDC1218C}.Retail|x64.Build.0 = Retail|Any CPU
		{A2038B88-470A-424A-BAAB-5718FDC1218C}.Retail|x86.ActiveCfg = Retail|Any CPU
		{A2038B88-470A-424A-BAAB-5718FDC1218C}.Retail|x86.Build.0 = Retail|Any CPU
		{F068FC06-7A4F-40ED-BEEC-93A4EEEF6C5D}.Debug|Any CPU.ActiveCfg = Debug|Any CPU
		{F068FC06-7A4F-40ED-BEEC-93A4EEEF6C5D}.Debug|Any CPU.Build.0 = Debug|Any CPU
		{F068FC06-7A4F-40ED-BEEC-93A4EEEF6C5D}.Debug|x64.ActiveCfg = Debug|Any CPU
		{F068FC06-7A4F-40ED-BEEC-93A4EEEF6C5D}.Debug|x64.Build.0 = Debug|Any CPU
		{F068FC06-7A4F-40ED-BEEC-93A4EEEF6C5D}.Debug|x86.ActiveCfg = Debug|Any CPU
		{F068FC06-7A4F-40ED-BEEC-93A4EEEF6C5D}.Debug|x86.Build.0 = Debug|Any CPU
		{F068FC06-7A4F-40ED-BEEC-93A4EEEF6C5D}.Release|Any CPU.ActiveCfg = Release|Any CPU
		{F068FC06-7A4F-40ED-BEEC-93A4EEEF6C5D}.Release|Any CPU.Build.0 = Release|Any CPU
		{F068FC06-7A4F-40ED-BEEC-93A4EEEF6C5D}.Release|x64.ActiveCfg = Release|Any CPU
		{F068FC06-7A4F-40ED-BEEC-93A4EEEF6C5D}.Release|x64.Build.0 = Release|Any CPU
		{F068FC06-7A4F-40ED-BEEC-93A4EEEF6C5D}.Release|x86.ActiveCfg = Release|Any CPU
		{F068FC06-7A4F-40ED-BEEC-93A4EEEF6C5D}.Release|x86.Build.0 = Release|Any CPU
		{F068FC06-7A4F-40ED-BEEC-93A4EEEF6C5D}.Retail|Any CPU.ActiveCfg = Retail|Any CPU
		{F068FC06-7A4F-40ED-BEEC-93A4EEEF6C5D}.Retail|Any CPU.Build.0 = Retail|Any CPU
		{F068FC06-7A4F-40ED-BEEC-93A4EEEF6C5D}.Retail|x64.ActiveCfg = Retail|Any CPU
		{F068FC06-7A4F-40ED-BEEC-93A4EEEF6C5D}.Retail|x64.Build.0 = Retail|Any CPU
		{F068FC06-7A4F-40ED-BEEC-93A4EEEF6C5D}.Retail|x86.ActiveCfg = Retail|Any CPU
		{F068FC06-7A4F-40ED-BEEC-93A4EEEF6C5D}.Retail|x86.Build.0 = Retail|Any CPU
		{721A8A28-A6EB-402E-AC48-F8A595E9CA69}.Debug|Any CPU.ActiveCfg = Debug|Any CPU
		{721A8A28-A6EB-402E-AC48-F8A595E9CA69}.Debug|Any CPU.Build.0 = Debug|Any CPU
		{721A8A28-A6EB-402E-AC48-F8A595E9CA69}.Debug|x64.ActiveCfg = Debug|Any CPU
		{721A8A28-A6EB-402E-AC48-F8A595E9CA69}.Debug|x64.Build.0 = Debug|Any CPU
		{721A8A28-A6EB-402E-AC48-F8A595E9CA69}.Debug|x86.ActiveCfg = Debug|Any CPU
		{721A8A28-A6EB-402E-AC48-F8A595E9CA69}.Debug|x86.Build.0 = Debug|Any CPU
		{721A8A28-A6EB-402E-AC48-F8A595E9CA69}.Release|Any CPU.ActiveCfg = Release|Any CPU
		{721A8A28-A6EB-402E-AC48-F8A595E9CA69}.Release|Any CPU.Build.0 = Release|Any CPU
		{721A8A28-A6EB-402E-AC48-F8A595E9CA69}.Release|x64.ActiveCfg = Release|Any CPU
		{721A8A28-A6EB-402E-AC48-F8A595E9CA69}.Release|x64.Build.0 = Release|Any CPU
		{721A8A28-A6EB-402E-AC48-F8A595E9CA69}.Release|x86.ActiveCfg = Release|Any CPU
		{721A8A28-A6EB-402E-AC48-F8A595E9CA69}.Release|x86.Build.0 = Release|Any CPU
		{721A8A28-A6EB-402E-AC48-F8A595E9CA69}.Retail|Any CPU.ActiveCfg = Retail|Any CPU
		{721A8A28-A6EB-402E-AC48-F8A595E9CA69}.Retail|Any CPU.Build.0 = Retail|Any CPU
		{721A8A28-A6EB-402E-AC48-F8A595E9CA69}.Retail|x64.ActiveCfg = Retail|Any CPU
		{721A8A28-A6EB-402E-AC48-F8A595E9CA69}.Retail|x64.Build.0 = Retail|Any CPU
		{721A8A28-A6EB-402E-AC48-F8A595E9CA69}.Retail|x86.ActiveCfg = Retail|Any CPU
		{721A8A28-A6EB-402E-AC48-F8A595E9CA69}.Retail|x86.Build.0 = Retail|Any CPU
		{4B09049E-2A49-42E4-81CA-F090A76E2EF3}.Debug|Any CPU.ActiveCfg = Debug|Any CPU
		{4B09049E-2A49-42E4-81CA-F090A76E2EF3}.Debug|Any CPU.Build.0 = Debug|Any CPU
		{4B09049E-2A49-42E4-81CA-F090A76E2EF3}.Debug|x64.ActiveCfg = Debug|Any CPU
		{4B09049E-2A49-42E4-81CA-F090A76E2EF3}.Debug|x64.Build.0 = Debug|Any CPU
		{4B09049E-2A49-42E4-81CA-F090A76E2EF3}.Debug|x86.ActiveCfg = Debug|Any CPU
		{4B09049E-2A49-42E4-81CA-F090A76E2EF3}.Debug|x86.Build.0 = Debug|Any CPU
		{4B09049E-2A49-42E4-81CA-F090A76E2EF3}.Release|Any CPU.ActiveCfg = Release|Any CPU
		{4B09049E-2A49-42E4-81CA-F090A76E2EF3}.Release|Any CPU.Build.0 = Release|Any CPU
		{4B09049E-2A49-42E4-81CA-F090A76E2EF3}.Release|x64.ActiveCfg = Release|Any CPU
		{4B09049E-2A49-42E4-81CA-F090A76E2EF3}.Release|x64.Build.0 = Release|Any CPU
		{4B09049E-2A49-42E4-81CA-F090A76E2EF3}.Release|x86.ActiveCfg = Release|Any CPU
		{4B09049E-2A49-42E4-81CA-F090A76E2EF3}.Release|x86.Build.0 = Release|Any CPU
		{4B09049E-2A49-42E4-81CA-F090A76E2EF3}.Retail|Any CPU.ActiveCfg = Retail|Any CPU
		{4B09049E-2A49-42E4-81CA-F090A76E2EF3}.Retail|Any CPU.Build.0 = Retail|Any CPU
		{4B09049E-2A49-42E4-81CA-F090A76E2EF3}.Retail|x64.ActiveCfg = Retail|Any CPU
		{4B09049E-2A49-42E4-81CA-F090A76E2EF3}.Retail|x64.Build.0 = Retail|Any CPU
		{4B09049E-2A49-42E4-81CA-F090A76E2EF3}.Retail|x86.ActiveCfg = Retail|Any CPU
		{4B09049E-2A49-42E4-81CA-F090A76E2EF3}.Retail|x86.Build.0 = Retail|Any CPU
		{CCA190F1-D08B-4481-B7E2-4ADB6F7DE86E}.Debug|Any CPU.ActiveCfg = Debug|Any CPU
		{CCA190F1-D08B-4481-B7E2-4ADB6F7DE86E}.Debug|Any CPU.Build.0 = Debug|Any CPU
		{CCA190F1-D08B-4481-B7E2-4ADB6F7DE86E}.Debug|x64.ActiveCfg = Debug|Any CPU
		{CCA190F1-D08B-4481-B7E2-4ADB6F7DE86E}.Debug|x64.Build.0 = Debug|Any CPU
		{CCA190F1-D08B-4481-B7E2-4ADB6F7DE86E}.Debug|x86.ActiveCfg = Debug|Any CPU
		{CCA190F1-D08B-4481-B7E2-4ADB6F7DE86E}.Debug|x86.Build.0 = Debug|Any CPU
		{CCA190F1-D08B-4481-B7E2-4ADB6F7DE86E}.Release|Any CPU.ActiveCfg = Release|Any CPU
		{CCA190F1-D08B-4481-B7E2-4ADB6F7DE86E}.Release|Any CPU.Build.0 = Release|Any CPU
		{CCA190F1-D08B-4481-B7E2-4ADB6F7DE86E}.Release|x64.ActiveCfg = Release|Any CPU
		{CCA190F1-D08B-4481-B7E2-4ADB6F7DE86E}.Release|x64.Build.0 = Release|Any CPU
		{CCA190F1-D08B-4481-B7E2-4ADB6F7DE86E}.Release|x86.ActiveCfg = Release|Any CPU
		{CCA190F1-D08B-4481-B7E2-4ADB6F7DE86E}.Release|x86.Build.0 = Release|Any CPU
		{CCA190F1-D08B-4481-B7E2-4ADB6F7DE86E}.Retail|Any CPU.ActiveCfg = Retail|Any CPU
		{CCA190F1-D08B-4481-B7E2-4ADB6F7DE86E}.Retail|x64.ActiveCfg = Retail|Any CPU
		{CCA190F1-D08B-4481-B7E2-4ADB6F7DE86E}.Retail|x86.ActiveCfg = Retail|Any CPU
		{12B1ABFA-FF0A-4145-B348-C09FD24AD61F}.Debug|Any CPU.ActiveCfg = Debug|Any CPU
		{12B1ABFA-FF0A-4145-B348-C09FD24AD61F}.Debug|Any CPU.Build.0 = Debug|Any CPU
		{12B1ABFA-FF0A-4145-B348-C09FD24AD61F}.Debug|x64.ActiveCfg = Debug|Any CPU
		{12B1ABFA-FF0A-4145-B348-C09FD24AD61F}.Debug|x64.Build.0 = Debug|Any CPU
		{12B1ABFA-FF0A-4145-B348-C09FD24AD61F}.Debug|x86.ActiveCfg = Debug|Any CPU
		{12B1ABFA-FF0A-4145-B348-C09FD24AD61F}.Debug|x86.Build.0 = Debug|Any CPU
		{12B1ABFA-FF0A-4145-B348-C09FD24AD61F}.Release|Any CPU.ActiveCfg = Release|Any CPU
		{12B1ABFA-FF0A-4145-B348-C09FD24AD61F}.Release|Any CPU.Build.0 = Release|Any CPU
		{12B1ABFA-FF0A-4145-B348-C09FD24AD61F}.Release|x64.ActiveCfg = Release|Any CPU
		{12B1ABFA-FF0A-4145-B348-C09FD24AD61F}.Release|x64.Build.0 = Release|Any CPU
		{12B1ABFA-FF0A-4145-B348-C09FD24AD61F}.Release|x86.ActiveCfg = Release|Any CPU
		{12B1ABFA-FF0A-4145-B348-C09FD24AD61F}.Release|x86.Build.0 = Release|Any CPU
		{12B1ABFA-FF0A-4145-B348-C09FD24AD61F}.Retail|Any CPU.ActiveCfg = Retail|Any CPU
		{12B1ABFA-FF0A-4145-B348-C09FD24AD61F}.Retail|Any CPU.Build.0 = Retail|Any CPU
		{12B1ABFA-FF0A-4145-B348-C09FD24AD61F}.Retail|x64.ActiveCfg = Retail|Any CPU
		{12B1ABFA-FF0A-4145-B348-C09FD24AD61F}.Retail|x64.Build.0 = Retail|Any CPU
		{12B1ABFA-FF0A-4145-B348-C09FD24AD61F}.Retail|x86.ActiveCfg = Retail|Any CPU
		{12B1ABFA-FF0A-4145-B348-C09FD24AD61F}.Retail|x86.Build.0 = Retail|Any CPU
		{96741938-506F-4631-A481-C04896EF0D14}.Debug|Any CPU.ActiveCfg = Debug|Any CPU
		{96741938-506F-4631-A481-C04896EF0D14}.Debug|Any CPU.Build.0 = Debug|Any CPU
		{96741938-506F-4631-A481-C04896EF0D14}.Debug|x64.ActiveCfg = Debug|Any CPU
		{96741938-506F-4631-A481-C04896EF0D14}.Debug|x64.Build.0 = Debug|Any CPU
		{96741938-506F-4631-A481-C04896EF0D14}.Debug|x86.ActiveCfg = Debug|Any CPU
		{96741938-506F-4631-A481-C04896EF0D14}.Debug|x86.Build.0 = Debug|Any CPU
		{96741938-506F-4631-A481-C04896EF0D14}.Release|Any CPU.ActiveCfg = Release|Any CPU
		{96741938-506F-4631-A481-C04896EF0D14}.Release|Any CPU.Build.0 = Release|Any CPU
		{96741938-506F-4631-A481-C04896EF0D14}.Release|x64.ActiveCfg = Release|Any CPU
		{96741938-506F-4631-A481-C04896EF0D14}.Release|x64.Build.0 = Release|Any CPU
		{96741938-506F-4631-A481-C04896EF0D14}.Release|x86.ActiveCfg = Release|Any CPU
		{96741938-506F-4631-A481-C04896EF0D14}.Release|x86.Build.0 = Release|Any CPU
		{96741938-506F-4631-A481-C04896EF0D14}.Retail|Any CPU.ActiveCfg = Retail|Any CPU
		{96741938-506F-4631-A481-C04896EF0D14}.Retail|Any CPU.Build.0 = Retail|Any CPU
		{96741938-506F-4631-A481-C04896EF0D14}.Retail|x64.ActiveCfg = Retail|Any CPU
		{96741938-506F-4631-A481-C04896EF0D14}.Retail|x64.Build.0 = Retail|Any CPU
		{96741938-506F-4631-A481-C04896EF0D14}.Retail|x86.ActiveCfg = Retail|Any CPU
		{96741938-506F-4631-A481-C04896EF0D14}.Retail|x86.Build.0 = Retail|Any CPU
		{54443300-2BB5-4050-BEEC-EDBF8A8F22A4}.Debug|Any CPU.ActiveCfg = Debug|Any CPU
		{54443300-2BB5-4050-BEEC-EDBF8A8F22A4}.Debug|Any CPU.Build.0 = Debug|Any CPU
		{54443300-2BB5-4050-BEEC-EDBF8A8F22A4}.Debug|x64.ActiveCfg = Debug|Any CPU
		{54443300-2BB5-4050-BEEC-EDBF8A8F22A4}.Debug|x64.Build.0 = Debug|Any CPU
		{54443300-2BB5-4050-BEEC-EDBF8A8F22A4}.Debug|x86.ActiveCfg = Debug|Any CPU
		{54443300-2BB5-4050-BEEC-EDBF8A8F22A4}.Debug|x86.Build.0 = Debug|Any CPU
		{54443300-2BB5-4050-BEEC-EDBF8A8F22A4}.Release|Any CPU.ActiveCfg = Release|Any CPU
		{54443300-2BB5-4050-BEEC-EDBF8A8F22A4}.Release|Any CPU.Build.0 = Release|Any CPU
		{54443300-2BB5-4050-BEEC-EDBF8A8F22A4}.Release|x64.ActiveCfg = Release|Any CPU
		{54443300-2BB5-4050-BEEC-EDBF8A8F22A4}.Release|x64.Build.0 = Release|Any CPU
		{54443300-2BB5-4050-BEEC-EDBF8A8F22A4}.Release|x86.ActiveCfg = Release|Any CPU
		{54443300-2BB5-4050-BEEC-EDBF8A8F22A4}.Release|x86.Build.0 = Release|Any CPU
		{54443300-2BB5-4050-BEEC-EDBF8A8F22A4}.Retail|Any CPU.ActiveCfg = Retail|Any CPU
		{54443300-2BB5-4050-BEEC-EDBF8A8F22A4}.Retail|Any CPU.Build.0 = Retail|Any CPU
		{54443300-2BB5-4050-BEEC-EDBF8A8F22A4}.Retail|x64.ActiveCfg = Retail|Any CPU
		{54443300-2BB5-4050-BEEC-EDBF8A8F22A4}.Retail|x64.Build.0 = Retail|Any CPU
		{54443300-2BB5-4050-BEEC-EDBF8A8F22A4}.Retail|x86.ActiveCfg = Retail|Any CPU
		{54443300-2BB5-4050-BEEC-EDBF8A8F22A4}.Retail|x86.Build.0 = Retail|Any CPU
		{A5264F94-314A-4338-9C2B-8A7CA41A62A9}.Debug|Any CPU.ActiveCfg = Debug|Any CPU
		{A5264F94-314A-4338-9C2B-8A7CA41A62A9}.Debug|Any CPU.Build.0 = Debug|Any CPU
		{A5264F94-314A-4338-9C2B-8A7CA41A62A9}.Debug|x64.ActiveCfg = Debug|Any CPU
		{A5264F94-314A-4338-9C2B-8A7CA41A62A9}.Debug|x64.Build.0 = Debug|Any CPU
		{A5264F94-314A-4338-9C2B-8A7CA41A62A9}.Debug|x86.ActiveCfg = Debug|Any CPU
		{A5264F94-314A-4338-9C2B-8A7CA41A62A9}.Debug|x86.Build.0 = Debug|Any CPU
		{A5264F94-314A-4338-9C2B-8A7CA41A62A9}.Release|Any CPU.ActiveCfg = Release|Any CPU
		{A5264F94-314A-4338-9C2B-8A7CA41A62A9}.Release|Any CPU.Build.0 = Release|Any CPU
		{A5264F94-314A-4338-9C2B-8A7CA41A62A9}.Release|x64.ActiveCfg = Release|Any CPU
		{A5264F94-314A-4338-9C2B-8A7CA41A62A9}.Release|x64.Build.0 = Release|Any CPU
		{A5264F94-314A-4338-9C2B-8A7CA41A62A9}.Release|x86.ActiveCfg = Release|Any CPU
		{A5264F94-314A-4338-9C2B-8A7CA41A62A9}.Release|x86.Build.0 = Release|Any CPU
		{A5264F94-314A-4338-9C2B-8A7CA41A62A9}.Retail|Any CPU.ActiveCfg = Retail|Any CPU
		{A5264F94-314A-4338-9C2B-8A7CA41A62A9}.Retail|Any CPU.Build.0 = Retail|Any CPU
		{A5264F94-314A-4338-9C2B-8A7CA41A62A9}.Retail|x64.ActiveCfg = Retail|Any CPU
		{A5264F94-314A-4338-9C2B-8A7CA41A62A9}.Retail|x64.Build.0 = Retail|Any CPU
		{A5264F94-314A-4338-9C2B-8A7CA41A62A9}.Retail|x86.ActiveCfg = Retail|Any CPU
		{A5264F94-314A-4338-9C2B-8A7CA41A62A9}.Retail|x86.Build.0 = Retail|Any CPU
		{D2681026-BBA8-4285-82BC-A894E3795E9E}.Debug|Any CPU.ActiveCfg = Debug|Any CPU
		{D2681026-BBA8-4285-82BC-A894E3795E9E}.Debug|Any CPU.Build.0 = Debug|Any CPU
		{D2681026-BBA8-4285-82BC-A894E3795E9E}.Debug|x64.ActiveCfg = Debug|Any CPU
		{D2681026-BBA8-4285-82BC-A894E3795E9E}.Debug|x64.Build.0 = Debug|Any CPU
		{D2681026-BBA8-4285-82BC-A894E3795E9E}.Debug|x86.ActiveCfg = Debug|Any CPU
		{D2681026-BBA8-4285-82BC-A894E3795E9E}.Debug|x86.Build.0 = Debug|Any CPU
		{D2681026-BBA8-4285-82BC-A894E3795E9E}.Release|Any CPU.ActiveCfg = Release|Any CPU
		{D2681026-BBA8-4285-82BC-A894E3795E9E}.Release|Any CPU.Build.0 = Release|Any CPU
		{D2681026-BBA8-4285-82BC-A894E3795E9E}.Release|x64.ActiveCfg = Release|Any CPU
		{D2681026-BBA8-4285-82BC-A894E3795E9E}.Release|x64.Build.0 = Release|Any CPU
		{D2681026-BBA8-4285-82BC-A894E3795E9E}.Release|x86.ActiveCfg = Release|Any CPU
		{D2681026-BBA8-4285-82BC-A894E3795E9E}.Release|x86.Build.0 = Release|Any CPU
		{D2681026-BBA8-4285-82BC-A894E3795E9E}.Retail|Any CPU.ActiveCfg = Release|Any CPU
		{D2681026-BBA8-4285-82BC-A894E3795E9E}.Retail|x64.ActiveCfg = Release|Any CPU
		{D2681026-BBA8-4285-82BC-A894E3795E9E}.Retail|x86.ActiveCfg = Release|Any CPU
		{E2BE6644-06C3-4774-8716-BD97C24CFA9C}.Debug|Any CPU.ActiveCfg = Debug|Any CPU
		{E2BE6644-06C3-4774-8716-BD97C24CFA9C}.Debug|Any CPU.Build.0 = Debug|Any CPU
		{E2BE6644-06C3-4774-8716-BD97C24CFA9C}.Debug|x64.ActiveCfg = Debug|Any CPU
		{E2BE6644-06C3-4774-8716-BD97C24CFA9C}.Debug|x64.Build.0 = Debug|Any CPU
		{E2BE6644-06C3-4774-8716-BD97C24CFA9C}.Debug|x86.ActiveCfg = Debug|Any CPU
		{E2BE6644-06C3-4774-8716-BD97C24CFA9C}.Debug|x86.Build.0 = Debug|Any CPU
		{E2BE6644-06C3-4774-8716-BD97C24CFA9C}.Release|Any CPU.ActiveCfg = Release|Any CPU
		{E2BE6644-06C3-4774-8716-BD97C24CFA9C}.Release|Any CPU.Build.0 = Release|Any CPU
		{E2BE6644-06C3-4774-8716-BD97C24CFA9C}.Release|x64.ActiveCfg = Release|Any CPU
		{E2BE6644-06C3-4774-8716-BD97C24CFA9C}.Release|x64.Build.0 = Release|Any CPU
		{E2BE6644-06C3-4774-8716-BD97C24CFA9C}.Release|x86.ActiveCfg = Release|Any CPU
		{E2BE6644-06C3-4774-8716-BD97C24CFA9C}.Release|x86.Build.0 = Release|Any CPU
		{E2BE6644-06C3-4774-8716-BD97C24CFA9C}.Retail|Any CPU.ActiveCfg = Retail|Any CPU
		{E2BE6644-06C3-4774-8716-BD97C24CFA9C}.Retail|Any CPU.Build.0 = Retail|Any CPU
		{E2BE6644-06C3-4774-8716-BD97C24CFA9C}.Retail|x64.ActiveCfg = Retail|Any CPU
		{E2BE6644-06C3-4774-8716-BD97C24CFA9C}.Retail|x64.Build.0 = Retail|Any CPU
		{E2BE6644-06C3-4774-8716-BD97C24CFA9C}.Retail|x86.ActiveCfg = Retail|Any CPU
		{E2BE6644-06C3-4774-8716-BD97C24CFA9C}.Retail|x86.Build.0 = Retail|Any CPU
		{12681026-BBA8-4285-82BC-A894E3795E9E}.Debug|Any CPU.ActiveCfg = Debug|Any CPU
		{12681026-BBA8-4285-82BC-A894E3795E9E}.Debug|Any CPU.Build.0 = Debug|Any CPU
		{12681026-BBA8-4285-82BC-A894E3795E9E}.Debug|x64.ActiveCfg = Debug|Any CPU
		{12681026-BBA8-4285-82BC-A894E3795E9E}.Debug|x64.Build.0 = Debug|Any CPU
		{12681026-BBA8-4285-82BC-A894E3795E9E}.Debug|x86.ActiveCfg = Debug|Any CPU
		{12681026-BBA8-4285-82BC-A894E3795E9E}.Debug|x86.Build.0 = Debug|Any CPU
		{12681026-BBA8-4285-82BC-A894E3795E9E}.Release|Any CPU.ActiveCfg = Release|Any CPU
		{12681026-BBA8-4285-82BC-A894E3795E9E}.Release|Any CPU.Build.0 = Release|Any CPU
		{12681026-BBA8-4285-82BC-A894E3795E9E}.Release|x64.ActiveCfg = Release|Any CPU
		{12681026-BBA8-4285-82BC-A894E3795E9E}.Release|x64.Build.0 = Release|Any CPU
		{12681026-BBA8-4285-82BC-A894E3795E9E}.Release|x86.ActiveCfg = Release|Any CPU
		{12681026-BBA8-4285-82BC-A894E3795E9E}.Release|x86.Build.0 = Release|Any CPU
		{12681026-BBA8-4285-82BC-A894E3795E9E}.Retail|Any CPU.ActiveCfg = Retail|Any CPU
		{12681026-BBA8-4285-82BC-A894E3795E9E}.Retail|Any CPU.Build.0 = Retail|Any CPU
		{12681026-BBA8-4285-82BC-A894E3795E9E}.Retail|x64.ActiveCfg = Retail|Any CPU
		{12681026-BBA8-4285-82BC-A894E3795E9E}.Retail|x64.Build.0 = Retail|Any CPU
		{12681026-BBA8-4285-82BC-A894E3795E9E}.Retail|x86.ActiveCfg = Release|Any CPU
		{12681026-BBA8-4285-82BC-A894E3795E9E}.Retail|x86.Build.0 = Release|Any CPU
		{599583D3-518A-400E-86AC-BB7FEB9CCA92}.Debug|Any CPU.ActiveCfg = Debug|Any CPU
		{599583D3-518A-400E-86AC-BB7FEB9CCA92}.Debug|Any CPU.Build.0 = Debug|Any CPU
		{599583D3-518A-400E-86AC-BB7FEB9CCA92}.Debug|x64.ActiveCfg = Debug|Any CPU
		{599583D3-518A-400E-86AC-BB7FEB9CCA92}.Debug|x64.Build.0 = Debug|Any CPU
		{599583D3-518A-400E-86AC-BB7FEB9CCA92}.Debug|x86.ActiveCfg = Debug|Any CPU
		{599583D3-518A-400E-86AC-BB7FEB9CCA92}.Debug|x86.Build.0 = Debug|Any CPU
		{599583D3-518A-400E-86AC-BB7FEB9CCA92}.Release|Any CPU.ActiveCfg = Release|Any CPU
		{599583D3-518A-400E-86AC-BB7FEB9CCA92}.Release|Any CPU.Build.0 = Release|Any CPU
		{599583D3-518A-400E-86AC-BB7FEB9CCA92}.Release|x64.ActiveCfg = Release|Any CPU
		{599583D3-518A-400E-86AC-BB7FEB9CCA92}.Release|x64.Build.0 = Release|Any CPU
		{599583D3-518A-400E-86AC-BB7FEB9CCA92}.Release|x86.ActiveCfg = Release|Any CPU
		{599583D3-518A-400E-86AC-BB7FEB9CCA92}.Release|x86.Build.0 = Release|Any CPU
		{599583D3-518A-400E-86AC-BB7FEB9CCA92}.Retail|Any CPU.ActiveCfg = Retail|Any CPU
		{599583D3-518A-400E-86AC-BB7FEB9CCA92}.Retail|Any CPU.Build.0 = Retail|Any CPU
		{599583D3-518A-400E-86AC-BB7FEB9CCA92}.Retail|x64.ActiveCfg = Retail|Any CPU
		{599583D3-518A-400E-86AC-BB7FEB9CCA92}.Retail|x64.Build.0 = Retail|Any CPU
		{599583D3-518A-400E-86AC-BB7FEB9CCA92}.Retail|x86.ActiveCfg = Retail|Any CPU
		{599583D3-518A-400E-86AC-BB7FEB9CCA92}.Retail|x86.Build.0 = Retail|Any CPU
		{5DBB1298-16BD-4804-8BD5-2D3C3BB24A75}.Debug|Any CPU.ActiveCfg = Debug|Any CPU
		{5DBB1298-16BD-4804-8BD5-2D3C3BB24A75}.Debug|Any CPU.Build.0 = Debug|Any CPU
		{5DBB1298-16BD-4804-8BD5-2D3C3BB24A75}.Debug|x64.ActiveCfg = Debug|Any CPU
		{5DBB1298-16BD-4804-8BD5-2D3C3BB24A75}.Debug|x64.Build.0 = Debug|Any CPU
		{5DBB1298-16BD-4804-8BD5-2D3C3BB24A75}.Debug|x86.ActiveCfg = Debug|Any CPU
		{5DBB1298-16BD-4804-8BD5-2D3C3BB24A75}.Debug|x86.Build.0 = Debug|Any CPU
		{5DBB1298-16BD-4804-8BD5-2D3C3BB24A75}.Release|Any CPU.ActiveCfg = Release|Any CPU
		{5DBB1298-16BD-4804-8BD5-2D3C3BB24A75}.Release|Any CPU.Build.0 = Release|Any CPU
		{5DBB1298-16BD-4804-8BD5-2D3C3BB24A75}.Release|x64.ActiveCfg = Release|Any CPU
		{5DBB1298-16BD-4804-8BD5-2D3C3BB24A75}.Release|x64.Build.0 = Release|Any CPU
		{5DBB1298-16BD-4804-8BD5-2D3C3BB24A75}.Release|x86.ActiveCfg = Release|Any CPU
		{5DBB1298-16BD-4804-8BD5-2D3C3BB24A75}.Release|x86.Build.0 = Release|Any CPU
		{5DBB1298-16BD-4804-8BD5-2D3C3BB24A75}.Retail|Any CPU.ActiveCfg = Retail|Any CPU
		{5DBB1298-16BD-4804-8BD5-2D3C3BB24A75}.Retail|Any CPU.Build.0 = Retail|Any CPU
		{5DBB1298-16BD-4804-8BD5-2D3C3BB24A75}.Retail|x64.ActiveCfg = Retail|Any CPU
		{5DBB1298-16BD-4804-8BD5-2D3C3BB24A75}.Retail|x64.Build.0 = Retail|Any CPU
		{5DBB1298-16BD-4804-8BD5-2D3C3BB24A75}.Retail|x86.ActiveCfg = Release|Any CPU
		{5DBB1298-16BD-4804-8BD5-2D3C3BB24A75}.Retail|x86.Build.0 = Release|Any CPU
		{9639B220-D2D0-4925-A459-1632E6AD0028}.Debug|Any CPU.ActiveCfg = Debug|Any CPU
		{9639B220-D2D0-4925-A459-1632E6AD0028}.Debug|Any CPU.Build.0 = Debug|Any CPU
		{9639B220-D2D0-4925-A459-1632E6AD0028}.Debug|x64.ActiveCfg = Debug|Any CPU
		{9639B220-D2D0-4925-A459-1632E6AD0028}.Debug|x64.Build.0 = Debug|Any CPU
		{9639B220-D2D0-4925-A459-1632E6AD0028}.Debug|x86.ActiveCfg = Debug|Any CPU
		{9639B220-D2D0-4925-A459-1632E6AD0028}.Debug|x86.Build.0 = Debug|Any CPU
		{9639B220-D2D0-4925-A459-1632E6AD0028}.Release|Any CPU.ActiveCfg = Release|Any CPU
		{9639B220-D2D0-4925-A459-1632E6AD0028}.Release|Any CPU.Build.0 = Release|Any CPU
		{9639B220-D2D0-4925-A459-1632E6AD0028}.Release|x64.ActiveCfg = Release|Any CPU
		{9639B220-D2D0-4925-A459-1632E6AD0028}.Release|x64.Build.0 = Release|Any CPU
		{9639B220-D2D0-4925-A459-1632E6AD0028}.Release|x86.ActiveCfg = Release|Any CPU
		{9639B220-D2D0-4925-A459-1632E6AD0028}.Release|x86.Build.0 = Release|Any CPU
		{9639B220-D2D0-4925-A459-1632E6AD0028}.Retail|Any CPU.ActiveCfg = Retail|Any CPU
		{9639B220-D2D0-4925-A459-1632E6AD0028}.Retail|Any CPU.Build.0 = Retail|Any CPU
		{9639B220-D2D0-4925-A459-1632E6AD0028}.Retail|x64.ActiveCfg = Retail|Any CPU
		{9639B220-D2D0-4925-A459-1632E6AD0028}.Retail|x64.Build.0 = Retail|Any CPU
		{9639B220-D2D0-4925-A459-1632E6AD0028}.Retail|x86.ActiveCfg = Retail|Any CPU
		{9639B220-D2D0-4925-A459-1632E6AD0028}.Retail|x86.Build.0 = Retail|Any CPU
		{AB3ABB3B-6F39-4907-B2D5-C4D7A1004A29}.Debug|Any CPU.ActiveCfg = Debug|Any CPU
		{AB3ABB3B-6F39-4907-B2D5-C4D7A1004A29}.Debug|Any CPU.Build.0 = Debug|Any CPU
		{AB3ABB3B-6F39-4907-B2D5-C4D7A1004A29}.Debug|x64.ActiveCfg = Debug|Any CPU
		{AB3ABB3B-6F39-4907-B2D5-C4D7A1004A29}.Debug|x64.Build.0 = Debug|Any CPU
		{AB3ABB3B-6F39-4907-B2D5-C4D7A1004A29}.Debug|x86.ActiveCfg = Debug|Any CPU
		{AB3ABB3B-6F39-4907-B2D5-C4D7A1004A29}.Debug|x86.Build.0 = Debug|Any CPU
		{AB3ABB3B-6F39-4907-B2D5-C4D7A1004A29}.Release|Any CPU.ActiveCfg = Release|Any CPU
		{AB3ABB3B-6F39-4907-B2D5-C4D7A1004A29}.Release|Any CPU.Build.0 = Release|Any CPU
		{AB3ABB3B-6F39-4907-B2D5-C4D7A1004A29}.Release|x64.ActiveCfg = Release|Any CPU
		{AB3ABB3B-6F39-4907-B2D5-C4D7A1004A29}.Release|x64.Build.0 = Release|Any CPU
		{AB3ABB3B-6F39-4907-B2D5-C4D7A1004A29}.Release|x86.ActiveCfg = Release|Any CPU
		{AB3ABB3B-6F39-4907-B2D5-C4D7A1004A29}.Release|x86.Build.0 = Release|Any CPU
		{AB3ABB3B-6F39-4907-B2D5-C4D7A1004A29}.Retail|Any CPU.ActiveCfg = Retail|Any CPU
		{AB3ABB3B-6F39-4907-B2D5-C4D7A1004A29}.Retail|Any CPU.Build.0 = Retail|Any CPU
		{AB3ABB3B-6F39-4907-B2D5-C4D7A1004A29}.Retail|x64.ActiveCfg = Retail|Any CPU
		{AB3ABB3B-6F39-4907-B2D5-C4D7A1004A29}.Retail|x64.Build.0 = Retail|Any CPU
		{AB3ABB3B-6F39-4907-B2D5-C4D7A1004A29}.Retail|x86.ActiveCfg = Retail|Any CPU
		{AB3ABB3B-6F39-4907-B2D5-C4D7A1004A29}.Retail|x86.Build.0 = Retail|Any CPU
	EndGlobalSection
	GlobalSection(SolutionProperties) = preSolution
		HideSolutionNode = FALSE
	EndGlobalSection
	GlobalSection(NestedProjects) = preSolution
		{F2EB3F50-66F3-4116-B001-DAE27A974FB3} = {7FDC33CF-35D7-4C55-AFF8-8CFB1D5793FA}
		{01840324-5193-488B-BF44-277BAF93AC2F} = {7FDC33CF-35D7-4C55-AFF8-8CFB1D5793FA}
		{7D8CF86D-488F-492F-ACC9-BD441225C158} = {7FDC33CF-35D7-4C55-AFF8-8CFB1D5793FA}
		{4523A9AE-17A4-473A-AFC9-1B6F38DB99D9} = {964DD123-9BDA-4FF1-8C46-623264AD274E}
		{8DED4684-5829-46CD-A79C-220BAD28E34D} = {659E7EED-8DCB-49B9-A7F1-56B00F9089A0}
		{048D3585-4017-4E98-BCB8-BA5E5EA50522} = {659E7EED-8DCB-49B9-A7F1-56B00F9089A0}
		{0874395A-B835-4709-86A7-306F9356EB6C} = {6E211868-6A71-4021-B316-C76B8D1DBB7D}
		{E470E86F-C9A5-4E8E-814D-015C4A3C7F94} = {8B3B326C-5EE1-468E-8203-64B35AF6AE4D}
		{A2038B88-470A-424A-BAAB-5718FDC1218C} = {B1D5757F-852B-4C6D-AA84-5E5D592D7677}
		{E5EFE08F-33C0-4930-9E02-3C9EB3EC9B88} = {8B3B326C-5EE1-468E-8203-64B35AF6AE4D}
		{F068FC06-7A4F-40ED-BEEC-93A4EEEF6C5D} = {8B3B326C-5EE1-468E-8203-64B35AF6AE4D}
		{721A8A28-A6EB-402E-AC48-F8A595E9CA69} = {6E211868-6A71-4021-B316-C76B8D1DBB7D}
		{4B09049E-2A49-42E4-81CA-F090A76E2EF3} = {964DD123-9BDA-4FF1-8C46-623264AD274E}
		{CCA190F1-D08B-4481-B7E2-4ADB6F7DE86E} = {EDAB4379-ED8A-4032-9EC0-7B80EBA9EC16}
		{EDAB4379-ED8A-4032-9EC0-7B80EBA9EC16} = {CD21F4D7-E6D5-462F-9F9F-22FE9618496C}
		{12B1ABFA-FF0A-4145-B348-C09FD24AD61F} = {B1D5757F-852B-4C6D-AA84-5E5D592D7677}
		{96741938-506F-4631-A481-C04896EF0D14} = {E5EFE08F-33C0-4930-9E02-3C9EB3EC9B88}
		{54443300-2BB5-4050-BEEC-EDBF8A8F22A4} = {E5EFE08F-33C0-4930-9E02-3C9EB3EC9B88}
		{A5264F94-314A-4338-9C2B-8A7CA41A62A9} = {E5EFE08F-33C0-4930-9E02-3C9EB3EC9B88}
		{D2681026-BBA8-4285-82BC-A894E3795E9E} = {E5EFE08F-33C0-4930-9E02-3C9EB3EC9B88}
		{E2BE6644-06C3-4774-8716-BD97C24CFA9C} = {7FDC33CF-35D7-4C55-AFF8-8CFB1D5793FA}
		{12681026-BBA8-4285-82BC-A894E3795E9E} = {E5EFE08F-33C0-4930-9E02-3C9EB3EC9B88}
		{599583D3-518A-400E-86AC-BB7FEB9CCA92} = {964DD123-9BDA-4FF1-8C46-623264AD274E}
		{5DBB1298-16BD-4804-8BD5-2D3C3BB24A75} = {7FDC33CF-35D7-4C55-AFF8-8CFB1D5793FA}
	EndGlobalSection
	GlobalSection(ExtensibilityGlobals) = postSolution
		RESX_RemoveEmptyEntries = True
		SolutionGuid = {5A170623-08DF-4BB8-8565-F39C24A4ACA7}
	EndGlobalSection
EndGlobal
