
Microsoft Visual Studio Solution File, Format Version 12.00
# Visual Studio Version 16
VisualStudioVersion = 16.0.29609.76
MinimumVisualStudioVersion = 10.0.40219.1
Project("{FAE04EC0-301F-11D3-BF4B-00C04F79EFBC}") = "Common", "Common\Common.csproj", "{8B35E1E2-D8D4-4684-9DB1-964AEB00046D}"
EndProject
Project("{FAE04EC0-301F-11D3-BF4B-00C04F79EFBC}") = "Executor", "Executor\Executor.csproj", "{92D6128C-F11E-4824-8617-83A482DFFBAE}"
EndProject
Project("{FAE04EC0-301F-11D3-BF4B-00C04F79EFBC}") = "Generator", "Generator\Generator.csproj", "{0E1D567E-BB19-4232-BA04-D2D78C2F0C2D}"
EndProject
Global
	GlobalSection(SolutionConfigurationPlatforms) = preSolution
		Debug|Any CPU = Debug|Any CPU
		Release|Any CPU = Release|Any CPU
	EndGlobalSection
	GlobalSection(ProjectConfigurationPlatforms) = postSolution
		{8B35E1E2-D8D4-4684-9DB1-964AEB00046D}.Debug|Any CPU.ActiveCfg = Debug|Any CPU
		{8B35E1E2-D8D4-4684-9DB1-964AEB00046D}.Debug|Any CPU.Build.0 = Debug|Any CPU
		{8B35E1E2-D8D4-4684-9DB1-964AEB00046D}.Release|Any CPU.ActiveCfg = Release|Any CPU
		{8B35E1E2-D8D4-4684-9DB1-964AEB00046D}.Release|Any CPU.Build.0 = Release|Any CPU
		{92D6128C-F11E-4824-8617-83A482DFFBAE}.Debug|Any CPU.ActiveCfg = Debug|Any CPU
		{92D6128C-F11E-4824-8617-83A482DFFBAE}.Debug|Any CPU.Build.0 = Debug|Any CPU
		{92D6128C-F11E-4824-8617-83A482DFFBAE}.Release|Any CPU.ActiveCfg = Release|Any CPU
		{92D6128C-F11E-4824-8617-83A482DFFBAE}.Release|Any CPU.Build.0 = Release|Any CPU
		{0E1D567E-BB19-4232-BA04-D2D78C2F0C2D}.Debug|Any CPU.ActiveCfg = Debug|Any CPU
		{0E1D567E-BB19-4232-BA04-D2D78C2F0C2D}.Debug|Any CPU.Build.0 = Debug|Any CPU
		{0E1D567E-BB19-4232-BA04-D2D78C2F0C2D}.Release|Any CPU.ActiveCfg = Release|Any CPU
		{0E1D567E-BB19-4232-BA04-D2D78C2F0C2D}.Release|Any CPU.Build.0 = Release|Any CPU
	EndGlobalSection
	GlobalSection(SolutionProperties) = preSolution
		HideSolutionNode = FALSE
	EndGlobalSection
	GlobalSection(ExtensibilityGlobals) = postSolution
		SolutionGuid = {6A1DDC5E-75CB-4413-96EC-C9CB78A96AE6}
	EndGlobalSection
EndGlobal
