<?xml version="1.0" encoding="utf-8"?>
<Project ToolsVersion="4.0" xmlns="http://schemas.microsoft.com/developer/msbuild/2003">
  <ItemGroup>
    <Filter Include="Resource Files">
      <UniqueIdentifier>{67DA6AB6-F800-4c08-8B7A-83BB121AAD01}</UniqueIdentifier>
      <Extensions>rc;ico;cur;bmp;dlg;rc2;rct;bin;rgs;gif;jpg;jpeg;jpe;resx;tiff;tif;png;wav;mfcribbon-ms</Extensions>
    </Filter>
    <Filter Include="src">
      <UniqueIdentifier>{4FC737F1-C7A5-4376-A066-2A32D752A2FF}</UniqueIdentifier>
      <Extensions>cpp;c;cc;cxx;def;odl;idl;hpj;bat;asm;asmx</Extensions>
    </Filter>
    <Filter Include="include">
      <UniqueIdentifier>{a2d8e6fc-f719-4058-83ab-97afffdd2766}</UniqueIdentifier>
    </Filter>
    <Filter Include="Monaco_Configurations">
      <UniqueIdentifier>{5deff307-42d1-4068-81f7-e1ea7a5180d6}</UniqueIdentifier>
    </Filter>
    <Filter Include="Image_Resources">
      <UniqueIdentifier>{92768678-9fad-4a5a-8ff6-4868c5fe8a4e}</UniqueIdentifier>
    </Filter>
    <Filter Include="Monaco_Configurations\Landscape">
      <UniqueIdentifier>{bea5fea9-7b55-4ab4-804b-1eebe3d73d3f}</UniqueIdentifier>
    </Filter>
    <Filter Include="Monaco_Configurations\Portrait">
      <UniqueIdentifier>{d3122a56-d6c7-45ec-8cbe-3f82d86dd273}</UniqueIdentifier>
    </Filter>
  </ItemGroup>
  <ItemGroup>
    <ClInclude Include="resource\Resource.h">
      <Filter>Resource Files</Filter>
    </ClInclude>
    <ClInclude Include="include\platform.h">
      <Filter>include</Filter>
    </ClInclude>
    <ClInclude Include="include\targetver.h">
      <Filter>include</Filter>
    </ClInclude>
    <ClInclude Include="include\debug.h">
      <Filter>include</Filter>
    </ClInclude>
    <ClInclude Include="include\stringutil.h">
      <Filter>include</Filter>
    </ClInclude>
    <ClInclude Include="include\winutil.h">
      <Filter>include</Filter>
    </ClInclude>
    <ClInclude Include="include\monacoshell.h">
      <Filter>include</Filter>
    </ClInclude>
    <ClInclude Include="include\timer.h">
      <Filter>include</Filter>
    </ClInclude>
    <ClInclude Include="src\logger.h">
      <Filter>include</Filter>
    </ClInclude>
    <ClInclude Include="src\consolecapture.h">
      <Filter>include</Filter>
    </ClInclude>
    <ClInclude Include="src\application.h">
      <Filter>include</Filter>
    </ClInclude>
    <ClInclude Include="src\processlist.h">
      <Filter>include</Filter>
    </ClInclude>
    <ClInclude Include="src\shellwindow.h">
      <Filter>include</Filter>
    </ClInclude>
    <ClInclude Include="src\MonitorInfo.h">
      <Filter>include</Filter>
    </ClInclude>
    <ClInclude Include="src\gui.h">
      <Filter>include</Filter>
    </ClInclude>
    <ClInclude Include="src\shellmanager.h">
      <Filter>include</Filter>
    </ClInclude>
    <ClInclude Include="src\streammanager.h">
      <Filter>include</Filter>
    </ClInclude>
    <ClInclude Include="include\interface.h">
      <Filter>include</Filter>
    </ClInclude>
    <ClInclude Include="include\interfaceid.h">
      <Filter>include</Filter>
    </ClInclude>
    <ClInclude Include="include\factory.h">
      <Filter>include</Filter>
    </ClInclude>
    <ClInclude Include="src\referencemap.h">
      <Filter>include</Filter>
    </ClInclude>
    <ClInclude Include="include\optionparser.h">
      <Filter>include</Filter>
    </ClInclude>
    <ClInclude Include="include\cabinetinfo.h">
      <Filter>include</Filter>
    </ClInclude>
    <ClInclude Include="src\ProcessHelper.h">
      <Filter>include</Filter>
    </ClInclude>
    <ClInclude Include="src\displaychangednotification.h">
      <Filter>include</Filter>
    </ClInclude>
    <ClInclude Include="src\MiniDump.h">
      <Filter>include</Filter>
    </ClInclude>
    <ClInclude Include="src\symlookup.h">
      <Filter>include</Filter>
    </ClInclude>
  </ItemGroup>
  <ItemGroup>
    <ResourceCompile Include="resource\MonacoShell.rc">
      <Filter>Resource Files</Filter>
    </ResourceCompile>
  </ItemGroup>
  <ItemGroup>
    <Image Include="resource\small.ico">
      <Filter>Resource Files</Filter>
    </Image>
    <Image Include="resource\MonacoShell.ico">
      <Filter>Resource Files</Filter>
    </Image>
    <Image Include="Image_Resources\Main_1920x1080.png">
      <Filter>Image_Resources</Filter>
    </Image>
    <Image Include="Image_Resources\Main_2560x1440.png">
      <Filter>Image_Resources</Filter>
    </Image>
    <Image Include="Image_Resources\Main_3840x2160.png">
      <Filter>Image_Resources</Filter>
    </Image>
    <Image Include="Image_Resources\Main_3840x6480.png">
      <Filter>Image_Resources</Filter>
    </Image>
    <Image Include="Image_Resources\Main_landscape.png">
      <Filter>Image_Resources</Filter>
    </Image>
    <Image Include="Image_Resources\Top_1920x1080.png">
      <Filter>Image_Resources</Filter>
    </Image>
    <Image Include="Image_Resources\Top_3840x2160.png">
      <Filter>Image_Resources</Filter>
    </Image>
    <Image Include="Image_Resources\Top_landscape.png">
      <Filter>Image_Resources</Filter>
    </Image>
    <Image Include="Image_Resources\Topper_1600x900.png">
      <Filter>Image_Resources</Filter>
    </Image>
    <Image Include="Image_Resources\Topper_1920x1080.png">
      <Filter>Image_Resources</Filter>
    </Image>
    <Image Include="Image_Resources\Topper_landscape.png">
      <Filter>Image_Resources</Filter>
    </Image>
    <Image Include="Image_Resources\VBD_1920x540.png">
      <Filter>Image_Resources</Filter>
    </Image>
    <Image Include="Image_Resources\VBD_1920x720.png">
      <Filter>Image_Resources</Filter>
    </Image>
    <Image Include="Image_Resources\VBD_1920x818.png">
      <Filter>Image_Resources</Filter>
    </Image>
    <Image Include="Image_Resources\VBD_1920x1080.png">
      <Filter>Image_Resources</Filter>
    </Image>
    <Image Include="Image_Resources\VBD_2560x600.png">
      <Filter>Image_Resources</Filter>
    </Image>
    <Image Include="Image_Resources\VBD_default.png">
      <Filter>Image_Resources</Filter>
    </Image>
    <Image Include="Image_Resources\Main_portrait.png">
      <Filter>Image_Resources</Filter>
    </Image>
    <Image Include="Image_Resources\Top_portrait.png">
      <Filter>Image_Resources</Filter>
    </Image>
    <Image Include="Image_Resources\Topper_portrait.png">
      <Filter>Image_Resources</Filter>
    </Image>
  </ItemGroup>
  <ItemGroup>
    <ClCompile Include="src\main.cpp">
      <Filter>src</Filter>
    </ClCompile>
    <ClCompile Include="src\timer.cpp">
      <Filter>src</Filter>
    </ClCompile>
    <ClCompile Include="src\json.cpp">
      <Filter>src</Filter>
    </ClCompile>
    <ClCompile Include="src\MiniDump.cpp">
      <Filter>src</Filter>
    </ClCompile>
  </ItemGroup>
  <ItemGroup>
    <None Include="Monaco_Configurations\Landscape\config_development.json">
      <Filter>Monaco_Configurations\Landscape</Filter>
    </None>
    <None Include="Monaco_Configurations\Portrait\config_development.json">
      <Filter>Monaco_Configurations\Portrait</Filter>
    </None>
    <None Include="Monaco_Configurations\Landscape\config_retail.json">
      <Filter>Monaco_Configurations\Landscape</Filter>
    </None>
    <None Include="Monaco_Configurations\Portrait\config_retail.json">
      <Filter>Monaco_Configurations\Portrait</Filter>
    </None>
    <None Include="Monaco_Configurations\config_development.json">
      <Filter>Monaco_Configurations</Filter>
    </None>
    <None Include="Monaco_Configurations\config_retail.json">
      <Filter>Monaco_Configurations</Filter>
    </None>
  </ItemGroup>
</Project>