
Microsoft Visual Studio Solution File, Format Version 12.00
# Visual Studio 15
VisualStudioVersion = 15.0.27004.2006
MinimumVisualStudioVersion = 10.0.40219.1
Project("{FAE04EC0-301F-11D3-BF4B-00C04F79EFBC}") = "Platform.Launcher", "Platform.Launcher\Platform.Launcher.csproj", "{65A37725-42EF-49F4-BBDF-C862E25E00D1}"
EndProject
Global
	GlobalSection(SolutionConfigurationPlatforms) = preSolution
		Debug|Any CPU = Debug|Any CPU
		Release|Any CPU = Release|Any CPU
		Retail|Any CPU = Retail|Any CPU
	EndGlobalSection
	GlobalSection(ProjectConfigurationPlatforms) = postSolution
		{65A37725-42EF-49F4-BBDF-C862E25E00D1}.Debug|Any CPU.ActiveCfg = Debug|Any CPU
		{65A37725-42EF-49F4-BBDF-C862E25E00D1}.Debug|Any CPU.Build.0 = Debug|Any CPU
		{65A37725-42EF-49F4-BBDF-C862E25E00D1}.Release|Any CPU.ActiveCfg = Release|Any CPU
		{65A37725-42EF-49F4-BBDF-C862E25E00D1}.Release|Any CPU.Build.0 = Release|Any CPU
		{65A37725-42EF-49F4-BBDF-C862E25E00D1}.Retail|Any CPU.ActiveCfg = Retail|Any CPU
		{65A37725-42EF-49F4-BBDF-C862E25E00D1}.Retail|Any CPU.Build.0 = Retail|Any CPU
	EndGlobalSection
	GlobalSection(SolutionProperties) = preSolution
		HideSolutionNode = FALSE
	EndGlobalSection
	GlobalSection(ExtensibilityGlobals) = postSolution
		SolutionGuid = {C9C93693-C0AB-4963-8FDE-BBF72E5A1A56}
	EndGlobalSection
EndGlobal
