
Microsoft Visual Studio Solution File, Format Version 12.00
# Visual Studio Version 16
VisualStudioVersion = 16.0.28922.388
MinimumVisualStudioVersion = 10.0.40219.1
Project("{8BC9CEB8-8B4A-11D0-8D11-00A0C91BC942}") = "MonacoShell", "MonacoShell\MonacoShell.vcxproj", "{2CA0CD8A-F9BC-4B64-A08B-AC4908136868}"
EndProject
Project("{8BC9CEB8-8B4A-11D0-8D11-00A0C91BC942}") = "TestApp1", "TestApp1\TestApp1.vcxproj", "{F81ECD97-841C-46E1-BD11-4BA7E7B46E94}"
EndProject
Project("{FAE04EC0-301F-11D3-BF4B-00C04F79EFBC}") = "TestApp2", "TestApp2\TestApp2.csproj", "{3245BEEE-D182-403E-A646-7261D69673C9}"
EndProject
Global
	GlobalSection(SolutionConfigurationPlatforms) = preSolution
		Debug|Any CPU = Debug|Any CPU
		Debug|x64 = Debug|x64
		Release|Any CPU = Release|Any CPU
		Release|x64 = Release|x64
	EndGlobalSection
	GlobalSection(ProjectConfigurationPlatforms) = postSolution
		{2CA0CD8A-F9BC-4B64-A08B-AC4908136868}.Debug|Any CPU.ActiveCfg = Debug|x64
		{2CA0CD8A-F9BC-4B64-A08B-AC4908136868}.Debug|x64.ActiveCfg = Debug|x64
		{2CA0CD8A-F9BC-4B64-A08B-AC4908136868}.Debug|x64.Build.0 = Debug|x64
		{2CA0CD8A-F9BC-4B64-A08B-AC4908136868}.Release|Any CPU.ActiveCfg = Release|x64
		{2CA0CD8A-F9BC-4B64-A08B-AC4908136868}.Release|x64.ActiveCfg = Release|x64
		{2CA0CD8A-F9BC-4B64-A08B-AC4908136868}.Release|x64.Build.0 = Release|x64
		{F81ECD97-841C-46E1-BD11-4BA7E7B46E94}.Debug|Any CPU.ActiveCfg = Debug|x64
		{F81ECD97-841C-46E1-BD11-4BA7E7B46E94}.Debug|x64.ActiveCfg = Debug|x64
		{F81ECD97-841C-46E1-BD11-4BA7E7B46E94}.Release|Any CPU.ActiveCfg = Release|x64
		{F81ECD97-841C-46E1-BD11-4BA7E7B46E94}.Release|x64.ActiveCfg = Release|x64
		{3245BEEE-D182-403E-A646-7261D69673C9}.Debug|Any CPU.ActiveCfg = Debug|Any CPU
		{3245BEEE-D182-403E-A646-7261D69673C9}.Debug|x64.ActiveCfg = Debug|Any CPU
		{3245BEEE-D182-403E-A646-7261D69673C9}.Release|Any CPU.ActiveCfg = Release|Any CPU
		{3245BEEE-D182-403E-A646-7261D69673C9}.Release|x64.ActiveCfg = Release|Any CPU
	EndGlobalSection
	GlobalSection(SolutionProperties) = preSolution
		HideSolutionNode = FALSE
	EndGlobalSection
	GlobalSection(ExtensibilityGlobals) = postSolution
		SolutionGuid = {55CFEE51-0310-4D02-99A6-5AECF9ADC779}
	EndGlobalSection
EndGlobal
